
Microsoft Visual Studio Solution File, Format Version 12.00
# Visual Studio Version 17
VisualStudioVersion = 17.6.33815.320
MinimumVisualStudioVersion = 10.0.40219.1
Project("{FAE04EC0-301F-11D3-BF4B-00C04F79EFBC}") = "ConsoleApp assesment 3", "ConsoleApp assesment 3\ConsoleApp assesment 3.csproj", "{BEAAA807-B3F2-42A5-BEC1-55D745E1FFC8}"
EndProject
Global
	GlobalSection(SolutionConfigurationPlatforms) = preSolution
		Debug|Any CPU = Debug|Any CPU
		Release|Any CPU = Release|Any CPU
	EndGlobalSection
	GlobalSection(ProjectConfigurationPlatforms) = postSolution
		{BEAAA807-B3F2-42A5-BEC1-55D745E1FFC8}.Debug|Any CPU.ActiveCfg = Debug|Any CPU
		{BEAAA807-B3F2-42A5-BEC1-55D745E1FFC8}.Debug|Any CPU.Build.0 = Debug|Any CPU
		{BEAAA807-B3F2-42A5-BEC1-55D745E1FFC8}.Release|Any CPU.ActiveCfg = Release|Any CPU
		{BEAAA807-B3F2-42A5-BEC1-55D745E1FFC8}.Release|Any CPU.Build.0 = Release|Any CPU
	EndGlobalSection
	GlobalSection(SolutionProperties) = preSolution
		HideSolutionNode = FALSE
	EndGlobalSection
	GlobalSection(ExtensibilityGlobals) = postSolution
		SolutionGuid = {ADF2748F-C6E6-4335-9723-2B7E7653177C}
	EndGlobalSection
EndGlobal
